
Microsoft Visual Studio Solution File, Format Version 12.00
# Visual Studio Version 16
VisualStudioVersion = 16.0.32802.440
MinimumVisualStudioVersion = 10.0.40219.1
Project("{FAE04EC0-301F-11D3-BF4B-00C04F79EFBC}") = "InternManagmentSystem.WebApI", "InternManagmentSystem.WebApI\InternManagmentSystem.WebApI.csproj", "{1093D56F-BFE8-40C9-B03D-33B6FB40602A}"
EndProject
Global
	GlobalSection(SolutionConfigurationPlatforms) = preSolution
		Debug|Any CPU = Debug|Any CPU
		Release|Any CPU = Release|Any CPU
	EndGlobalSection
	GlobalSection(ProjectConfigurationPlatforms) = postSolution
		{1093D56F-BFE8-40C9-B03D-33B6FB40602A}.Debug|Any CPU.ActiveCfg = Debug|Any CPU
		{1093D56F-BFE8-40C9-B03D-33B6FB40602A}.Debug|Any CPU.Build.0 = Debug|Any CPU
		{1093D56F-BFE8-40C9-B03D-33B6FB40602A}.Release|Any CPU.ActiveCfg = Release|Any CPU
		{1093D56F-BFE8-40C9-B03D-33B6FB40602A}.Release|Any CPU.Build.0 = Release|Any CPU
	EndGlobalSection
	GlobalSection(SolutionProperties) = preSolution
		HideSolutionNode = FALSE
	EndGlobalSection
	GlobalSection(ExtensibilityGlobals) = postSolution
		SolutionGuid = {418982A8-D9C1-472B-913D-722169D1AAEE}
	EndGlobalSection
EndGlobal
